aead.dev/minisign v0.2.0 h1:kAWrq/hBRu4AARY6AlciO83xhNnW9UaC8YipS2uhLPk=
aead.dev/minisign v0.2.0/go.mod h1:zdq6LdSd9TbuSxchxwhpA9zEb9YXcVGoE8JakuiGaIQ=
github.com/aarol/reload v1.2.0 h1:zJZuWREX+rrB5V8o/PfQn1y9bG3rG8vmE0NeJl8aep0=
github.com/aarol/reload v1.2.0/go.mod h1:3XL4gixCRx2VRXr4l3/qemjo2oWq8WxDRetd+EUkBcg=
github.com/alecthomas/assert/v2 v2.7.0 h1:QtqSACNS3tF7oasA8CU6A6sXZSBDqnm7RfpLl9bZqbE=
github.com/alecthomas/assert/v2 v2.7.0/go.mod h1:Bze95FyfUr7x34QZrjL+XP+0qgp/zg8yS+TtBj1WA3k=
github.com/alecthomas/chroma/v2 v2.14.0 h1:R3+wzpnUArGcQz7fCETQBzO5n9IMNi13iIs46aU4V9E=
github.com/alecthomas/chroma/v2 v2.14.0/go.mod h1:QolEbTfmUHIMVpBqxeDnNBj2uoeI4EbYP4i6n68SG4I=
github.com/alecthomas/repr v0.4.0 h1:GhI2A8MACjfegCPVq9f1FLvIBS+DrQ2KQBFZP1iFzXc=
github.com/alecthomas/repr v0.4.0/go.mod h1:Fr0507jx4eOXV7AlPV6AVZLYrLIuIeSOWtW57eE/O/4=
github.com/bep/debounce v1.2.1 h1:v67fRdBA9UQu2NhLFXrSg0Brw7CexQekrBwDMM8bzeY=
github.com/bep/debounce v1.2.1/go.mod h1:H8yggRPQKLUhUoqrJC1bO2xNya7vanpDl7xR3ISbCJ0=
github.com/chromedp/cdproto v0.0.0-20250803210736-d308e07a266d h1:ZtA1sedVbEW7EW80Iz2GR3Ye6PwbJAJXjv7D74xG6HU=
github.com/chromedp/cdproto v0.0.0-20250803210736-d308e07a266d/go.mod h1:NItd7aLkcfOA/dcMXvl8p1u+lQqioRMq/SqDp71Pb/k=
github.com/chromedp/chromedp v0.14.0 h1:/xE5m6wEBwivhalHwlCOyYfBcAJNwg4nLw96QiCfYr0=
github.com/chromedp/chromedp v0.14.0/go.mod h1:rHzAv60xDE7VNy/MYtTUrYreSc0ujt2O1/C3bzctYBo=
github.com/chromedp/sysutil v1.1.0 h1:PUFNv5EcprjqXZD9nJb9b/c9ibAbxiYo4exNWZyipwM=
github.com/chromedp/sysutil v1.1.0/go.mod h1:WiThHUdltqCNKGc4gaU50XgYjwjYIhKWoHGPTUfWTJ8=
github.com/cpuguy83/go-md2man/v2 v2.0.4/go.mod h1:tgQtvFlXSQOSOSIRvRPT7W67SCa46tRHOmNcaadrF8o=
github.com/davecgh/go-spew v1.1.0/go.mod h1:J7Y8YcW2NihsgmVo/mv3lAwl/skON4iLHjSsI+c5H38=
github.com/davecgh/go-spew v1.1.1 h1:vj9j/u1bqnvCEfJOwUhtlOARqs3+rkHYY13jYWTU97c=
github.com/davecgh/go-spew v1.1.1/go.mod h1:J7Y8YcW2NihsgmVo/mv3lAwl/skON4iLHjSsI+c5H38=
github.com/dlclark/regexp2 v1.11.4 h1:rPYF9/LECdNymJufQKmri9gV604RvvABwgOA8un7yAo=
github.com/dlclark/regexp2 v1.11.4/go.mod h1:DHkYz0B9wPfa6wondMfaivmHpzrQ3v9q8cnmRbL6yW8=
github.com/forPelevin/gomoji v1.3.0 h1:WPIOLWB1bvRYlKZnSSEevLt3IfKlLs+tK+YA9fFYlkE=
github.com/forPelevin/gomoji v1.3.0/go.mod h1:mM6GtmCgpoQP2usDArc6GjbXrti5+FffolyQfGgPboQ=
github.com/fsnotify/fsnotify v1.8.0 h1:dAwr6QBTBZIkG8roQaJjGof0pp0EeF+tNV7YBP3F/8M=
github.com/fsnotify/fsnotify v1.8.0/go.mod h1:8jBTzvmWwFyi3Pb8djgCCO5IBqzKJ/Jwo8TRcHyHii0=
github.com/go-json-experiment/json v0.0.0-20250725192818-e39067aee2d2 h1:iizUGZ9pEquQS5jTGkh4AqeeHCMbfbjeb0zMt0aEFzs=
github.com/go-json-experiment/json v0.0.0-20250725192818-e39067aee2d2/go.mod h1:TiCD2a1pcmjd7YnhGH0f/zKNcCD06B029pHhzV23c2M=
github.com/gobwas/httphead v0.1.0 h1:exrUm0f4YX0L7EBwZHuCF4GDp8aJfVeBrlLQrs6NqWU=
github.com/gobwas/httphead v0.1.0/go.mod h1:O/RXo79gxV8G+RqlR/otEwx4Q36zl9rqC5u12GKvMCM=
github.com/gobwas/pool v0.2.1 h1:xfeeEhW7pwmX8nuLVlqbzVc7udMDrwetjEv+TZIz1og=
github.com/gobwas/pool v0.2.1/go.mod h1:q8bcK0KcYlCgd9e7WYLm9LpyS+YeLd8JVDW6WezmKEw=
github.com/gobwas/ws v1.4.0 h1:CTaoG1tojrh4ucGPcoJFiAQUAsEWekEWvLy7GsVNqGs=
github.com/gobwas/ws v1.4.0/go.mod h1:G3gNqMNtPppf5XUz7O4shetPpcZ1VJ7zt18dlUeakrc=
github.com/gorilla/websocket v1.5.3 h1:saDtZ6Pbx/0u+bgYQ3q96pZgCzfhKXGPqt7kZ72aNNg=
github.com/gorilla/websocket v1.5.3/go.mod h1:YR8l580nyteQvAITg2hZ9XVh4b55+EU/adAjf1fMHhE=
github.com/hexops/gotextdiff v1.0.3 h1:gitA9+qJrrTCsiCl7+kh75nPqQt1cx4ZkudSTLoUqJM=
github.com/hexops/gotextdiff v1.0.3/go.mod h1:pSWU5MAI3yDq+fZBTazCSJysOMbxWL1BSow5/V2vxeg=
github.com/inconshreveable/mousetrap v1.1.0 h1:wN+x4NVGpMsO7ErUn/mUI3vEoE6Jt13X2s0bqwp9tc8=
github.com/inconshreveable/mousetrap v1.1.0/go.mod h1:vpF70FUmC8bwa3OWnCshd2FqLfsEA9PFc4w1p2J65bw=
github.com/kr/pretty v0.1.0 h1:L/CwN0zerZDmRFUapSPitk6f+Q3+0za1rQkzVuMiMFI=
github.com/kr/pretty v0.1.0/go.mod h1:dAy3ld7l9f0ibDNOQOHHMYYIIbhfbHSm3C4ZsoJORNo=
github.com/kr/pty v1.1.1/go.mod h1:pFQYn66WHrOpPYNljwOMqo10TkYh1fy3cYio2l3bCsQ=
github.com/kr/text v0.1.0 h1:45sCR5RtlFHMR4UwH9sdQ5TC8v0qDQCHnXt+kaKSTVE=
github.com/kr/text v0.1.0/go.mod h1:4Jbv+DJW3UT/LiOwJeYQe1efqtUx/iVham/4vfdArNI=
github.com/kylelemons/godebug v1.1.0 h1:RPNrshWIDI6G2gRW9EHilWtl7Z6Sb1BR0xunSBf0SNc=
github.com/kylelemons/godebug v1.1.0/go.mod h1:9/0rRGxNHcop5bhtWyNeEfOS8JIWk580+fNqagV/RAw=
github.com/minio/selfupdate v0.6.0 h1:i76PgT0K5xO9+hjzKcacQtO7+MjJ4JKA8Ak8XQ9DDwU=
github.com/minio/selfupdate v0.6.0/go.mod h1:bO02GTIPCMQFTEvE5h4DjYB58bCoZ35XLeBf0buTDdM=
github.com/pmezard/go-difflib v1.0.0 h1:4DBwDE0NGyQoBHbLQYPwSUPoCMWR5BEzIk/f1lZbAQM=
github.com/pmezard/go-difflib v1.0.0/go.mod h1:iKH77koFhYxTK1pcRnkKkqfTogsbg7gZNVY4sRDYZ/4=
github.com/rivo/uniseg v0.4.7 h1:WUdvkW8uEhrYfLC4ZzdpI2ztxP1I582+49Oc5Mq64VQ=
github.com/rivo/uniseg v0.4.7/go.mod h1:FN3SvrM+Zdj16jyLfmOkMNblXMcoc8DfTHruCPUcx88=
github.com/robertkrimen/otto v0.2.1 h1:FVP0PJ0AHIjC+N4pKCG9yCDz6LHNPCwi/GKID5pGGF0=
github.com/robertkrimen/otto v0.2.1/go.mod h1:UPwtJ1Xu7JrLcZjNWN8orJaM5n5YEtqL//farB5FlRY=
github.com/russross/blackfriday/v2 v2.1.0/go.mod h1:+Rmxgy9KzJVeS9/2gXHxylqXiyQDYRxCVz55jmeOWTM=
github.com/sergi/go-diff v1.4.0 h1:n/SP9D5ad1fORl+llWyN+D6qoUETXNZARKjyY2/KVCw=
github.com/sergi/go-diff v1.4.0/go.mod h1:A0bzQcvG0E7Rwjx0REVgAGH58e96+X0MeOfepqsbeW4=
github.com/spf13/cobra v1.8.1 h1:e5/vxKd/rZsfSJMUX1agtjeTDf+qv1/JdBF8gg5k9ZM=
github.com/spf13/cobra v1.8.1/go.mod h1:wHxEcudfqmLYa8iTfL+OuZPbBZkmvliBWKIezN3kD9Y=
github.com/spf13/pflag v1.0.5 h1:iy+VFUOCP1a+8yFto/drg2CJ5u0yRoB7fZw3DKv/JXA=
github.com/spf13/pflag v1.0.5/go.mod h1:McXfInJRrz4CZXVZOBLb0bTZqETkiAhM9Iw0y3An2Bg=
github.com/stretchr/objx v0.1.0/go.mod h1:HFkY916IF+rwdDfMAkV7OtwuqBVzrE8GR6GFx+wExME=
github.com/stretchr/testify v1.4.0/go.mod h1:j7eGeouHqKxXV5pUuKE4zz7dFj8WfuZ+81PSLYec5m4=
github.com/stretchr/testify v1.11.1 h1:7s2iGBzp5EwR7/aIZr8ao5+dra3wiQyKjjFuvgVKu7U=
github.com/stretchr/testify v1.11.1/go.mod h1:wZwfW3scLgRK+23gO65QZefKpKQRnfz6sD981Nm4B6U=
github.com/titanous/json5 v1.0.0 h1:hJf8Su1d9NuI/ffpxgxQfxh/UiBFZX7bMPid0rIL/7s=
github.com/titanous/json5 v1.0.0/go.mod h1:7JH1M8/LHKc6cyP5o5g3CSaRj+mBrIimTxzpvmckH8c=
github.com/ulikunitz/xz v0.5.16 h1:ld6NyySjx5lowVKwJvMRLnW5nxKX/xnpSiFYZ/Lxur0=
github.com/ulikunitz/xz v0.5.16/go.mod h1:H9Rt/W6/Qj27PGauhQc6nfCDy7vHpzsOThBSaYDoEhw=
github.com/yuin/goldmark v1.7.17 h1:p36OVWwRb246iHxA/U4p8OPEpOTESm4n+g+8t0EE5uA=
github.com/yuin/goldmark v1.7.17/go.mod h1:ip/1k0VRfGynBgxOz0yCqHrbZXhcjxyuS66Brc7iBKg=
github.com/yuin/goldmark-emoji v1.0.6 h1:QWfF2FYaXwL74tfGOW5izeiZepUDroDJfWubQI9HTHs=
github.com/yuin/goldmark-emoji v1.0.6/go.mod h1:ukxJDKFpdFb5x0a5HqbdlcKtebh086iJpI31LTKmWuA=
go.abhg.dev/goldmark/hashtag v0.4.0 h1:jkYcsIRUpog/rhWMnIOjj14qj8p5p4um+IzPbPUxFww=
go.abhg.dev/goldmark/hashtag v0.4.0/go.mod h1:5DQwSo2dEHKtsfXOC1+Po7WgVwR5IoGjgeVIerddz9g=
go.abhg.dev/goldmark/mermaid v0.6.0 h1:VvkYFWuOjD6cmSBVJpLAtzpVCGM1h0B7/DQ9IzERwzY=
go.abhg.dev/goldmark/mermaid v0.6.0/go.mod h1:uMc+PcnIH2NVL7zjH10Q1wr7hL3+4n4jUMifhyBYB9I=
golang.org/x/crypto v0.0.0-20190308221718-c2843e01d9a2/go.mod h1:djNgcEr1/C05ACkg1iLfiJU5Ep61QUkGW8qpdssI0+w=
golang.org/x/crypto v0.0.0-20210220033148-5ea612d1eb83/go.mod h1:jdWPYTVW3xRLrWPugEBEK3UY2ZEsg3UU495nc5E+M+I=
golang.org/x/crypto v0.0.0-20211209193657-4570a0811e8b h1:QAqMVf3pSa6eeTsuklijukjXBlj7Es2QQplab+/RbQ4=
golang.org/x/crypto v0.0.0-20211209193657-4570a0811e8b/go.mod h1:IxCIyHEi3zRg3s0A5j5BB6A9Jmi73HwBIUl50j+osU4=
golang.org/x/mod v0.40.0 h1:hUv+3cXcdRHz08UmSiOob7sadHig73uo5bkXxQ/tvUs=
golang.org/x/mod v0.40.0/go.mod h1:0/weTWkPWGBikyTWAX3dkjVztMmBA5hM0DH6BElSupE=
golang.org/x/net v0.0.0-20190404232315-eb5bcb51f2a3/go.mod h1:t9HGtf8HONx5eT2rtn7q6eTqICYqUVnKs3thJo3Qplg=
golang.org/x/net v0.0.0-20211112202133-69e39bad7dc2/go.mod h1:9nx3DQGgdP8bBQD5qxJ1jj9UTztislL4KSBs9R2vV5Y=
golang.org/x/sys v0.0.0-20190215142949-d0b11bdaac8a/go.mod h1:STP8DvDyc/dI5b8T5hshtkjS+E42TnysNCUPdjciGhY=
golang.org/x/sys v0.0.0-20191026070338-33540a1f6037/go.mod h1:h1NjWce9XRLGQEsW7wpKNCjG9DtNlClVuFLEZdDNbEs=
golang.org/x/sys v0.0.0-20201119102817-f84b799fce68/go.mod h1:h1NjWce9XRLGQEsW7wpKNCjG9DtNlClVuFLEZdDNbEs=
golang.org/x/sys v0.0.0-20210228012217-479acdf4ea46/go.mod h1:h1NjWce9XRLGQEsW7wpKNCjG9DtNlClVuFLEZdDNbEs=
golang.org/x/sys v0.0.0-20210423082822-04245dca01da/go.mod h1:h1NjWce9XRLGQEsW7wpKNCjG9DtNlClVuFLEZdDNbEs=
golang.org/x/sys v0.0.0-20210615035016-665e8c7367d1/go.mod h1:oPkhp1MJrh7nUepCBck5+mAzfO9JrbApNNgaTdGDITg=
golang.org/x/sys v0.34.0 h1:H5Y5sJ2L2JRdyv7ROF1he/lPdvFsd0mJHFw2ThKHxLA=
golang.org/x/sys v0.34.0/go.mod h1:BJP2sWEmIv4KK5OTEluFJCKSidICx8ciO85XgH3Ak8k=
golang.org/x/term v0.0.0-20201117132131-f5c789dd3221/go.mod h1:Nr5EML6q2oocZ2LXRh80K7BxOlk5/8JxuGnuhpl+muw=
golang.org/x/term v0.0.0-20201126162022-7de9c90e9dd1/go.mod h1:bj7SfCRtBDWHUb9snDiAeCFNEtKQo2Wmx5Cou7ajbmo=
golang.org/x/text v0.3.0/go.mod h1:NqM8EUOU14njkJ3fqMW+pc6Ldnwhi/IjpwHt7yyuwOQ=
golang.org/x/text v0.3.6/go.mod h1:5Zoc/QRtKVWzQhOtBMvqHzDpF6irO9z98xDceosuGiQ=
golang.org/x/text v0.4.0 h1:BrVqGRd7+k1DiOgtnFvAkoQEWQvBc25ouMJM6429SFg=
golang.org/x/text v0.4.0/go.mod h1:mrYo+phRRbMaCq/xk9113O4dZlRixOauAjOtrjsXDZ8=
golang.org/x/tools v0.0.0-20180917221912-90fa682c2a6e/go.mod h1:n7NCudcB/nEzxVGmLbDWY5pfWTLqBcC2KZ6jyYvM4mQ=
gopkg.in/check.v1 v0.0.0-20161208181325-20d25e280405/go.mod h1:Co6ibVJAznAaIkqp8huTwlJQCZ016jof/cbN4VW5Yz0=
gopkg.in/check.v1 v1.0.0-20190902080502-41f04d3bba15 h1:YR8cESwS4TdDjEe65xsg0ogRM/Nc3DYOhEAlW+xobZo=
gopkg.in/check.v1 v1.0.0-20190902080502-41f04d3bba15/go.mod h1:Co6ibVJAznAaIkqp8huTwlJQCZ016jof/cbN4VW5Yz0=
gopkg.in/sourcemap.v1 v1.0.5 h1:inv58fC9f9J3TK2Y2R1NPntXEn3/wjWHkonhIUODNTI=
gopkg.in/sourcemap.v1 v1.0.5/go.mod h1:2RlvNNSMglmRrcvhfuzp4hQHwOtjxlbjX7UPY/GXb78=
gopkg.in/yaml.v2 v2.2.2/go.mod h1:hI93XBmqTisBFMUTm0b8Fm+jr3Dg1NNxqwp+5A1VGuI=
gopkg.in/yaml.v2 v2.4.0/go.mod h1:RDklbk79AGWmwhnvt/jBztapEOGDOx6ZbXqjP6csGnQ=
gopkg.in/yaml.v3 v3.0.1 h1:fxVm/GzAzEWqLHuvctI91KS9hhNmmWOoWu0XTYJS7CA=
gopkg.in/yaml.v3 v3.0.1/go.mod h1:K4uyk7z7BCEPqu6E+C64Yfv1cQ7kz7rIZviUmN+EgEM=
